# This file is automatically @generated by Cargo.
# It is not intended for manual editing.
version = 4

[[package]]
name = "veritypay-conformance"
version = "0.0.0"
dependencies = [
 "vp-conformance-adapter",
 "vp-conformance-core",
 "vp-conformance-report",
 "vp-conformance-runner",
 "vp-conformance-scenarios",
 "vp-reference-model",
]

[[package]]
name = "vp-conformance-adapter"
version = "0.0.0"
dependencies = [
 "vp-conformance-core",
]

[[package]]
name = "vp-conformance-cli"
version = "0.0.0"
dependencies = [
 "vp-conformance-core",
 "vp-conformance-report",
 "vp-conformance-runner",
]

[[package]]
name = "vp-conformance-core"
version = "0.0.0"
dependencies = [
 "vp-reference-model",
]

[[package]]
name = "vp-conformance-report"
version = "0.0.0"
dependencies = [
 "vp-conformance-core",
]

[[package]]
name = "vp-conformance-runner"
version = "0.0.0"
dependencies = [
 "vp-conformance-adapter",
 "vp-conformance-core",
 "vp-conformance-scenarios",
]

[[package]]
name = "vp-conformance-scenarios"
version = "0.0.0"
dependencies = [
 "vp-conformance-core",
]

[[package]]
name = "vp-reference-model"
version = "0.0.0"
